
Microsoft Visual Studio Solution File, Format Version 12.00
# Visual Studio Version 17
VisualStudioVersion = 17.8.34408.163
MinimumVisualStudioVersion = 10.0.40219.1
Project("{FAE04EC0-301F-11D3-BF4B-00C04F79EFBC}") = "Tarea2_1_Grupo#1", "Tarea2_1_Grupo#1.csproj", "{238159D7-ECA6-4268-A3C3-F10D24346A2B}"
EndProject
Global
	GlobalSection(SolutionConfigurationPlatforms) = preSolution
		Debug|Any CPU = Debug|Any CPU
		Release|Any CPU = Release|Any CPU
	EndGlobalSection
	GlobalSection(ProjectConfigurationPlatforms) = postSolution
		{238159D7-ECA6-4268-A3C3-F10D24346A2B}.Debug|Any CPU.ActiveCfg = Debug|Any CPU
		{238159D7-ECA6-4268-A3C3-F10D24346A2B}.Debug|Any CPU.Build.0 = Debug|Any CPU
		{238159D7-ECA6-4268-A3C3-F10D24346A2B}.Debug|Any CPU.Deploy.0 = Debug|Any CPU
		{238159D7-ECA6-4268-A3C3-F10D24346A2B}.Release|Any CPU.ActiveCfg = Release|Any CPU
		{238159D7-ECA6-4268-A3C3-F10D24346A2B}.Release|Any CPU.Build.0 = Release|Any CPU
		{238159D7-ECA6-4268-A3C3-F10D24346A2B}.Release|Any CPU.Deploy.0 = Release|Any CPU
	EndGlobalSection
	GlobalSection(SolutionProperties) = preSolution
		HideSolutionNode = FALSE
	EndGlobalSection
	GlobalSection(ExtensibilityGlobals) = postSolution
		SolutionGuid = {D47CC728-64D2-4768-863D-165E4E7445BE}
	EndGlobalSection
EndGlobal
